
Microsoft Visual Studio Solution File, Format Version 12.00
# Visual Studio Version 17
VisualStudioVersion = 17.9.34728.123
MinimumVisualStudioVersion = 10.0.40219.1
Project("{9A19103F-16F7-4668-BE54-9A1E7A4F7556}") = "BackOffice.Banking.Sirius.Deposit.FakeApi", "BackOffice.Banking.Sirius.Deposit.FakeApi.csproj", "{F14582CD-9F5F-42C8-8A9D-D45F58B7127C}"
EndProject
Global
	GlobalSection(SolutionConfigurationPlatforms) = preSolution
		Debug|Any CPU = Debug|Any CPU
		Release|Any CPU = Release|Any CPU
	EndGlobalSection
	GlobalSection(ProjectConfigurationPlatforms) = postSolution
		{F14582CD-9F5F-42C8-8A9D-D45F58B7127C}.Debug|Any CPU.ActiveCfg = Debug|Any CPU
		{F14582CD-9F5F-42C8-8A9D-D45F58B7127C}.Debug|Any CPU.Build.0 = Debug|Any CPU
		{F14582CD-9F5F-42C8-8A9D-D45F58B7127C}.Release|Any CPU.ActiveCfg = Release|Any CPU
		{F14582CD-9F5F-42C8-8A9D-D45F58B7127C}.Release|Any CPU.Build.0 = Release|Any CPU
	EndGlobalSection
	GlobalSection(SolutionProperties) = preSolution
		HideSolutionNode = FALSE
	EndGlobalSection
	GlobalSection(ExtensibilityGlobals) = postSolution
		SolutionGuid = {2A45939E-1179-4968-939F-29BAFEFE5C18}
	EndGlobalSection
EndGlobal
